
Microsoft Visual Studio Solution File, Format Version 12.00
# Visual Studio Version 17
VisualStudioVersion = 17.4.33403.182
MinimumVisualStudioVersion = 10.0.40219.1
Project("{FAE04EC0-301F-11D3-BF4B-00C04F79EFBC}") = "Game", "Game.csproj", "{D13F1015-AAAA-4751-8B22-96D75220EC00}"
EndProject
Global
	GlobalSection(SolutionConfigurationPlatforms) = preSolution
		Debug|Any CPU = Debug|Any CPU
		Release|Any CPU = Release|Any CPU
	EndGlobalSection
	GlobalSection(ProjectConfigurationPlatforms) = postSolution
		{D13F1015-AAAA-4751-8B22-96D75220EC00}.Debug|Any CPU.ActiveCfg = Debug|Any CPU
		{D13F1015-AAAA-4751-8B22-96D75220EC00}.Debug|Any CPU.Build.0 = Debug|Any CPU
		{D13F1015-AAAA-4751-8B22-96D75220EC00}.Release|Any CPU.ActiveCfg = Release|Any CPU
		{D13F1015-AAAA-4751-8B22-96D75220EC00}.Release|Any CPU.Build.0 = Release|Any CPU
	EndGlobalSection
	GlobalSection(SolutionProperties) = preSolution
		HideSolutionNode = FALSE
	EndGlobalSection
	GlobalSection(ExtensibilityGlobals) = postSolution
		SolutionGuid = {CB28F6FE-0770-4EAA-9128-95179F7F6FF1}
	EndGlobalSection
EndGlobal
